
Microsoft Visual Studio Solution File, Format Version 12.00
# Visual Studio 2013
VisualStudioVersion = 12.0.21005.1
MinimumVisualStudioVersion = 10.0.40219.1
Project("{FAE04EC0-301F-11D3-BF4B-00C04F79EFBC}") = "Spike.Box.Runtime", "Spike.Box.Runtime\Spike.Box.Runtime.csproj", "{5B4C8E87-E749-4BC0-8F02-F5BEFF1DF107}"
EndProject
Project("{F2A71F9B-5D33-465A-A702-920D77279786}") = "Spike.Scripting", "Spike.Scripting\Spike.Scripting.fsproj", "{9E257324-94E7-49AF-AE83-718288E925D8}"
EndProject
Project("{FAE04EC0-301F-11D3-BF4B-00C04F79EFBC}") = "Spike.Scripting.Runtime", "Spike.Scripting.Runtime\Spike.Scripting.Runtime.csproj", "{F2322575-40E5-4E98-BE72-BF4AF9C77E77}"
EndProject
Project("{FAE04EC0-301F-11D3-BF4B-00C04F79EFBC}") = "Spike.Scripting.Benchmark", "Spike.Scripting.Benchmark\Spike.Scripting.Benchmark.csproj", "{72BF8228-78A6-498A-A028-64745AA4168B}"
EndProject
Project("{F2A71F9B-5D33-465A-A702-920D77279786}") = "Spike.Scripting.Interactive", "Spike.Scripting.Interactive\Spike.Scripting.Interactive.fsproj", "{0F78334F-EA74-4C5C-8232-B7D329BE2226}"
EndProject
Project("{2150E333-8FDC-42A3-9474-1A3956D46DE8}") = "Scripting", "Scripting", "{D749A3DB-E61F-4116-A011-F146EB57135D}"
EndProject
Project("{FAE04EC0-301F-11D3-BF4B-00C04F79EFBC}") = "Spike.Box", "Spike.Box\Spike.Box.csproj", "{6ACA4F6E-4DCF-4BA8-B733-59242D3DC5EE}"
EndProject
Project("{2150E333-8FDC-42A3-9474-1A3956D46DE8}") = "Runtime", "Runtime", "{54B4143C-20B0-4252-86B3-B3B9E168C69D}"
EndProject
Global
	GlobalSection(SolutionConfigurationPlatforms) = preSolution
		Debug|Any CPU = Debug|Any CPU
		Debug|x86 = Debug|x86
		Release|Any CPU = Release|Any CPU
		Release|x86 = Release|x86
	EndGlobalSection
	GlobalSection(ProjectConfigurationPlatforms) = postSolution
		{5B4C8E87-E749-4BC0-8F02-F5BEFF1DF107}.Debug|Any CPU.ActiveCfg = Debug|Any CPU
		{5B4C8E87-E749-4BC0-8F02-F5BEFF1DF107}.Debug|Any CPU.Build.0 = Debug|Any CPU
		{5B4C8E87-E749-4BC0-8F02-F5BEFF1DF107}.Debug|x86.ActiveCfg = Debug|Any CPU
		{5B4C8E87-E749-4BC0-8F02-F5BEFF1DF107}.Release|Any CPU.ActiveCfg = Release|Any CPU
		{5B4C8E87-E749-4BC0-8F02-F5BEFF1DF107}.Release|Any CPU.Build.0 = Release|Any CPU
		{5B4C8E87-E749-4BC0-8F02-F5BEFF1DF107}.Release|x86.ActiveCfg = Release|Any CPU
		{9E257324-94E7-49AF-AE83-718288E925D8}.Debug|Any CPU.ActiveCfg = Debug|Any CPU
		{9E257324-94E7-49AF-AE83-718288E925D8}.Debug|Any CPU.Build.0 = Debug|Any CPU
		{9E257324-94E7-49AF-AE83-718288E925D8}.Debug|x86.ActiveCfg = Debug|x86
		{9E257324-94E7-49AF-AE83-718288E925D8}.Debug|x86.Build.0 = Debug|x86
		{9E257324-94E7-49AF-AE83-718288E925D8}.Release|Any CPU.ActiveCfg = Release|Any CPU
		{9E257324-94E7-49AF-AE83-718288E925D8}.Release|Any CPU.Build.0 = Release|Any CPU
		{9E257324-94E7-49AF-AE83-718288E925D8}.Release|x86.ActiveCfg = Release|x86
		{9E257324-94E7-49AF-AE83-718288E925D8}.Release|x86.Build.0 = Release|x86
		{F2322575-40E5-4E98-BE72-BF4AF9C77E77}.Debug|Any CPU.ActiveCfg = Debug|Any CPU
		{F2322575-40E5-4E98-BE72-BF4AF9C77E77}.Debug|Any CPU.Build.0 = Debug|Any CPU
		{F2322575-40E5-4E98-BE72-BF4AF9C77E77}.Debug|x86.ActiveCfg = Debug|x86
		{F2322575-40E5-4E98-BE72-BF4AF9C77E77}.Debug|x86.Build.0 = Debug|x86
		{F2322575-40E5-4E98-BE72-BF4AF9C77E77}.Release|Any CPU.ActiveCfg = Release|Any CPU
		{F2322575-40E5-4E98-BE72-BF4AF9C77E77}.Release|Any CPU.Build.0 = Release|Any CPU
		{F2322575-40E5-4E98-BE72-BF4AF9C77E77}.Release|x86.ActiveCfg = Release|x86
		{F2322575-40E5-4E98-BE72-BF4AF9C77E77}.Release|x86.Build.0 = Release|x86
		{72BF8228-78A6-498A-A028-64745AA4168B}.Debug|Any CPU.ActiveCfg = Debug|Any CPU
		{72BF8228-78A6-498A-A028-64745AA4168B}.Debug|Any CPU.Build.0 = Debug|Any CPU
		{72BF8228-78A6-498A-A028-64745AA4168B}.Debug|x86.ActiveCfg = Debug|x86
		{72BF8228-78A6-498A-A028-64745AA4168B}.Debug|x86.Build.0 = Debug|x86
		{72BF8228-78A6-498A-A028-64745AA4168B}.Release|Any CPU.ActiveCfg = Release|Any CPU
		{72BF8228-78A6-498A-A028-64745AA4168B}.Release|Any CPU.Build.0 = Release|Any CPU
		{72BF8228-78A6-498A-A028-64745AA4168B}.Release|x86.ActiveCfg = Release|x86
		{72BF8228-78A6-498A-A028-64745AA4168B}.Release|x86.Build.0 = Release|x86
		{0F78334F-EA74-4C5C-8232-B7D329BE2226}.Debug|Any CPU.ActiveCfg = Debug|Any CPU
		{0F78334F-EA74-4C5C-8232-B7D329BE2226}.Debug|Any CPU.Build.0 = Debug|Any CPU
		{0F78334F-EA74-4C5C-8232-B7D329BE2226}.Debug|x86.ActiveCfg = Debug|x86
		{0F78334F-EA74-4C5C-8232-B7D329BE2226}.Debug|x86.Build.0 = Debug|x86
		{0F78334F-EA74-4C5C-8232-B7D329BE2226}.Release|Any CPU.ActiveCfg = Release|Any CPU
		{0F78334F-EA74-4C5C-8232-B7D329BE2226}.Release|Any CPU.Build.0 = Release|Any CPU
		{0F78334F-EA74-4C5C-8232-B7D329BE2226}.Release|x86.ActiveCfg = Release|x86
		{0F78334F-EA74-4C5C-8232-B7D329BE2226}.Release|x86.Build.0 = Release|x86
		{6ACA4F6E-4DCF-4BA8-B733-59242D3DC5EE}.Debug|Any CPU.ActiveCfg = Debug|Any CPU
		{6ACA4F6E-4DCF-4BA8-B733-59242D3DC5EE}.Debug|Any CPU.Build.0 = Debug|Any CPU
		{6ACA4F6E-4DCF-4BA8-B733-59242D3DC5EE}.Debug|x86.ActiveCfg = Debug|Any CPU
		{6ACA4F6E-4DCF-4BA8-B733-59242D3DC5EE}.Release|Any CPU.ActiveCfg = Release|Any CPU
		{6ACA4F6E-4DCF-4BA8-B733-59242D3DC5EE}.Release|Any CPU.Build.0 = Release|Any CPU
		{6ACA4F6E-4DCF-4BA8-B733-59242D3DC5EE}.Release|x86.ActiveCfg = Release|Any CPU
	EndGlobalSection
	GlobalSection(SolutionProperties) = preSolution
		HideSolutionNode = FALSE
	EndGlobalSection
	GlobalSection(NestedProjects) = preSolution
		{F2322575-40E5-4E98-BE72-BF4AF9C77E77} = {D749A3DB-E61F-4116-A011-F146EB57135D}
		{72BF8228-78A6-498A-A028-64745AA4168B} = {D749A3DB-E61F-4116-A011-F146EB57135D}
		{0F78334F-EA74-4C5C-8232-B7D329BE2226} = {D749A3DB-E61F-4116-A011-F146EB57135D}
		{9E257324-94E7-49AF-AE83-718288E925D8} = {D749A3DB-E61F-4116-A011-F146EB57135D}
		{5B4C8E87-E749-4BC0-8F02-F5BEFF1DF107} = {54B4143C-20B0-4252-86B3-B3B9E168C69D}
	EndGlobalSection
	GlobalSection(MonoDevelopProperties) = preSolution
		StartupItem = Spike.Projects\Spike.Web\Spike.Web.csproj
		Policies = $0
		$0.VersionControlPolicy = $1
		$1.inheritsSet = Mono
		$0.ChangeLogPolicy = $2
		$2.UpdateMode = None
		$2.MessageStyle = $3
		$3.LineAlign = 0
		$2.inheritsSet = Mono
	EndGlobalSection
EndGlobal
